
Microsoft Visual Studio Solution File, Format Version 12.00
# Visual Studio Version 16
VisualStudioVersion = 25.0.1705.0
MinimumVisualStudioVersion = 10.0.40219.1
Project("{FAE04EC0-301F-11D3-BF4B-00C04F79EFBC}") = "Test1_referer.Android", "Test1_referer\Test1_referer.Android\Test1_referer.Android.csproj", "{AEC8B1A7-2A59-4B5D-B264-FE33D62A0C34}"
EndProject
Project("{FAE04EC0-301F-11D3-BF4B-00C04F79EFBC}") = "Test1_referer.iOS", "Test1_referer\Test1_referer.iOS\Test1_referer.iOS.csproj", "{131436F7-7099-4018-BE23-03420952C855}"
EndProject
Project("{FAE04EC0-301F-11D3-BF4B-00C04F79EFBC}") = "Test1_referer", "Test1_referer\Test1_referer\Test1_referer.csproj", "{0A2CD42B-5E1F-4ED4-A14A-3408CC022A00}"
EndProject
Project("{2150E333-8FDC-42A3-9474-1A3956D46DE8}") = "Solution Items", "Solution Items", "{765D5E44-DF98-4A83-B109-B15AD6DF99AB}"
	ProjectSection(SolutionItems) = preProject
		.gitignore = .gitignore
	EndProjectSection
EndProject
Global
	GlobalSection(SolutionConfigurationPlatforms) = preSolution
		Debug|Any CPU = Debug|Any CPU
		Release|Any CPU = Release|Any CPU
		Debug|iPhoneSimulator = Debug|iPhoneSimulator
		Release|iPhoneSimulator = Release|iPhoneSimulator
		Debug|iPhone = Debug|iPhone
		Release|iPhone = Release|iPhone
	EndGlobalSection
	GlobalSection(ProjectConfigurationPlatforms) = postSolution
		{AEC8B1A7-2A59-4B5D-B264-FE33D62A0C34}.Debug|Any CPU.ActiveCfg = Debug|Any CPU
		{AEC8B1A7-2A59-4B5D-B264-FE33D62A0C34}.Debug|Any CPU.Build.0 = Debug|Any CPU
		{AEC8B1A7-2A59-4B5D-B264-FE33D62A0C34}.Release|Any CPU.ActiveCfg = Release|Any CPU
		{AEC8B1A7-2A59-4B5D-B264-FE33D62A0C34}.Release|Any CPU.Build.0 = Release|Any CPU
		{AEC8B1A7-2A59-4B5D-B264-FE33D62A0C34}.Debug|iPhoneSimulator.ActiveCfg = Debug|Any CPU
		{AEC8B1A7-2A59-4B5D-B264-FE33D62A0C34}.Debug|iPhoneSimulator.Build.0 = Debug|Any CPU
		{AEC8B1A7-2A59-4B5D-B264-FE33D62A0C34}.Release|iPhoneSimulator.ActiveCfg = Release|Any CPU
		{AEC8B1A7-2A59-4B5D-B264-FE33D62A0C34}.Release|iPhoneSimulator.Build.0 = Release|Any CPU
		{AEC8B1A7-2A59-4B5D-B264-FE33D62A0C34}.Debug|iPhone.ActiveCfg = Debug|Any CPU
		{AEC8B1A7-2A59-4B5D-B264-FE33D62A0C34}.Debug|iPhone.Build.0 = Debug|Any CPU
		{AEC8B1A7-2A59-4B5D-B264-FE33D62A0C34}.Release|iPhone.ActiveCfg = Release|Any CPU
		{AEC8B1A7-2A59-4B5D-B264-FE33D62A0C34}.Release|iPhone.Build.0 = Release|Any CPU
		{131436F7-7099-4018-BE23-03420952C855}.Debug|Any CPU.ActiveCfg = Debug|iPhoneSimulator
		{131436F7-7099-4018-BE23-03420952C855}.Debug|Any CPU.Build.0 = Debug|iPhoneSimulator
		{131436F7-7099-4018-BE23-03420952C855}.Release|Any CPU.ActiveCfg = Release|iPhoneSimulator
		{131436F7-7099-4018-BE23-03420952C855}.Release|Any CPU.Build.0 = Release|iPhoneSimulator
		{131436F7-7099-4018-BE23-03420952C855}.Debug|iPhoneSimulator.ActiveCfg = Debug|iPhoneSimulator
		{131436F7-7099-4018-BE23-03420952C855}.Debug|iPhoneSimulator.Build.0 = Debug|iPhoneSimulator
		{131436F7-7099-4018-BE23-03420952C855}.Release|iPhoneSimulator.ActiveCfg = Release|iPhoneSimulator
		{131436F7-7099-4018-BE23-03420952C855}.Release|iPhoneSimulator.Build.0 = Release|iPhoneSimulator
		{131436F7-7099-4018-BE23-03420952C855}.Debug|iPhone.ActiveCfg = Debug|iPhone
		{131436F7-7099-4018-BE23-03420952C855}.Debug|iPhone.Build.0 = Debug|iPhone
		{131436F7-7099-4018-BE23-03420952C855}.Release|iPhone.ActiveCfg = Release|iPhone
		{131436F7-7099-4018-BE23-03420952C855}.Release|iPhone.Build.0 = Release|iPhone
		{0A2CD42B-5E1F-4ED4-A14A-3408CC022A00}.Debug|Any CPU.ActiveCfg = Debug|Any CPU
		{0A2CD42B-5E1F-4ED4-A14A-3408CC022A00}.Debug|Any CPU.Build.0 = Debug|Any CPU
		{0A2CD42B-5E1F-4ED4-A14A-3408CC022A00}.Release|Any CPU.ActiveCfg = Release|Any CPU
		{0A2CD42B-5E1F-4ED4-A14A-3408CC022A00}.Release|Any CPU.Build.0 = Release|Any CPU
		{0A2CD42B-5E1F-4ED4-A14A-3408CC022A00}.Debug|iPhoneSimulator.ActiveCfg = Debug|Any CPU
		{0A2CD42B-5E1F-4ED4-A14A-3408CC022A00}.Debug|iPhoneSimulator.Build.0 = Debug|Any CPU
		{0A2CD42B-5E1F-4ED4-A14A-3408CC022A00}.Release|iPhoneSimulator.ActiveCfg = Release|Any CPU
		{0A2CD42B-5E1F-4ED4-A14A-3408CC022A00}.Release|iPhoneSimulator.Build.0 = Release|Any CPU
		{0A2CD42B-5E1F-4ED4-A14A-3408CC022A00}.Debug|iPhone.ActiveCfg = Debug|Any CPU
		{0A2CD42B-5E1F-4ED4-A14A-3408CC022A00}.Debug|iPhone.Build.0 = Debug|Any CPU
		{0A2CD42B-5E1F-4ED4-A14A-3408CC022A00}.Release|iPhone.ActiveCfg = Release|Any CPU
		{0A2CD42B-5E1F-4ED4-A14A-3408CC022A00}.Release|iPhone.Build.0 = Release|Any CPU
	EndGlobalSection
	GlobalSection(SolutionProperties) = preSolution
		HideSolutionNode = FALSE
	EndGlobalSection
	GlobalSection(ExtensibilityGlobals) = postSolution
		SolutionGuid = {2B9C7C67-A9FE-48F9-A2D3-BF827C49F624}
	EndGlobalSection
EndGlobal
